
Microsoft Visual Studio Solution File, Format Version 12.00
# Visual Studio Version 16
VisualStudioVersion = 16.0.29926.136
MinimumVisualStudioVersion = 10.0.40219.1
Project("{FAE04EC0-301F-11D3-BF4B-00C04F79EFBC}") = "G45D", "G45D\G45D.csproj", "{F8AEBF3F-D091-47EF-A52D-62C65A49E8DF}"
EndProject
Global
	GlobalSection(SolutionConfigurationPlatforms) = preSolution
		Debug|Any CPU = Debug|Any CPU
		Release|Any CPU = Release|Any CPU
	EndGlobalSection
	GlobalSection(ProjectConfigurationPlatforms) = postSolution
		{F8AEBF3F-D091-47EF-A52D-62C65A49E8DF}.Debug|Any CPU.ActiveCfg = Debug|Any CPU
		{F8AEBF3F-D091-47EF-A52D-62C65A49E8DF}.Debug|Any CPU.Build.0 = Debug|Any CPU
		{F8AEBF3F-D091-47EF-A52D-62C65A49E8DF}.Release|Any CPU.ActiveCfg = Release|Any CPU
		{F8AEBF3F-D091-47EF-A52D-62C65A49E8DF}.Release|Any CPU.Build.0 = Release|Any CPU
	EndGlobalSection
	GlobalSection(SolutionProperties) = preSolution
		HideSolutionNode = FALSE
	EndGlobalSection
	GlobalSection(ExtensibilityGlobals) = postSolution
		SolutionGuid = {8EEBCCA3-489B-4CAF-B2AA-F04C536AA5E8}
	EndGlobalSection
EndGlobal
